
Microsoft Visual Studio Solution File, Format Version 12.00
# Visual Studio 14
VisualStudioVersion = 14.0.25420.1
MinimumVisualStudioVersion = 10.0.40219.1
Project("{FAE04EC0-301F-11D3-BF4B-00C04F79EFBC}") = "todoList", "todoList\todoList.csproj", "{ECE5AC31-DD68-49FB-84B4-93B145F124A2}"
EndProject
Global
	GlobalSection(SolutionConfigurationPlatforms) = preSolution
		Debug|Any CPU = Debug|Any CPU
		Release|Any CPU = Release|Any CPU
	EndGlobalSection
	GlobalSection(ProjectConfigurationPlatforms) = postSolution
		{ECE5AC31-DD68-49FB-84B4-93B145F124A2}.Debug|Any CPU.ActiveCfg = Debug|Any CPU
		{ECE5AC31-DD68-49FB-84B4-93B145F124A2}.Debug|Any CPU.Build.0 = Debug|Any CPU
		{ECE5AC31-DD68-49FB-84B4-93B145F124A2}.Release|Any CPU.ActiveCfg = Release|Any CPU
		{ECE5AC31-DD68-49FB-84B4-93B145F124A2}.Release|Any CPU.Build.0 = Release|Any CPU
	EndGlobalSection
	GlobalSection(SolutionProperties) = preSolution
		HideSolutionNode = FALSE
	EndGlobalSection
EndGlobal
